<Solution>
  <Folder Name="/Solution Items/">
    <File Path=".gitignore" />
    <File Path="Directory.Build.props" />
    <File Path="LICENSE" />
  </Folder>
  <Folder Name="/src/">
    <Project Path="src/AzureFunctions.DisabledWhen.Core/AzureFunctions.DisabledWhen.Core.csproj" />
    <Project Path="src/AzureFunctions.DisabledWhen.Reflection/AzureFunctions.DisabledWhen.Reflection.csproj" />
  </Folder>
</Solution>
